
Microsoft Visual Studio Solution File, Format Version 12.00
# Visual Studio Version 17
VisualStudioVersion = 17.9.34622.214
MinimumVisualStudioVersion = 10.0.40219.1
Project("{2150E333-8FDC-42A3-9474-1A3956D46DE8}") = "Solution Items", "Solution Items", "{8EC462FD-D22E-90A8-E5CE-7E832BA40C5D}"
	ProjectSection(SolutionItems) = preProject
		.editorconfig = .editorconfig
		Directory.Packages.props = Directory.Packages.props
	EndProjectSection
EndProject
Project("{2150E333-8FDC-42A3-9474-1A3956D46DE8}") = "src", "src", "{02EA681E-C7D8-13C7-8484-4AC65E1B71E8}"
EndProject
Project("{2150E333-8FDC-42A3-9474-1A3956D46DE8}") = "tests", "tests", "{EB9B82A4-7E57-4959-81CC-EA0CFE7B9715}"
EndProject
Project("{FAE04EC0-301F-11D3-BF4B-00C04F79EFBC}") = "Infrastructure", "src\Infrastructure\Infrastructure.csproj", "{3D745DFE-AF9A-E111-755D-FD3FFF280728}"
EndProject
Project("{FAE04EC0-301F-11D3-BF4B-00C04F79EFBC}") = "WebApi.AppHost", "WebApi.AppHost\WebApi.AppHost.csproj", "{F8860466-81E8-4518-8148-5608B9CE6008}"
EndProject
Project("{FAE04EC0-301F-11D3-BF4B-00C04F79EFBC}") = "WebApi.ServiceDefaults", "WebApi.ServiceDefaults\WebApi.ServiceDefaults.csproj", "{25636280-E352-90F1-46AF-09E7BBB953E9}"
EndProject
Project("{FAE04EC0-301F-11D3-BF4B-00C04F79EFBC}") = "CatalogApi", "src\CatalogApi\CatalogApi.csproj", "{F58EB504-2EAD-96E7-E097-BCDE92D77B68}"
EndProject
Project("{FAE04EC0-301F-11D3-BF4B-00C04F79EFBC}") = "IdentityApi", "src\IdentityApi\IdentityApi.csproj", "{FCEC796C-C1C6-F317-2E44-A551DDAA3B29}"
EndProject
Project("{E53339B2-1760-4266-BCC7-CA923CBCF16C}") = "docker-compose", "docker-compose.dcproj", "{81DDED9D-158B-E303-5F62-77A2896D2A5A}"
EndProject
Project("{FAE04EC0-301F-11D3-BF4B-00C04F79EFBC}") = "OrdersApi", "src\OrdersApi\OrdersApi.csproj", "{A1C5C311-B5E1-45FB-5D1E-A9D336D8038B}"
EndProject
Project("{FAE04EC0-301F-11D3-BF4B-00C04F79EFBC}") = "IdentityApi.UnitTests", "tests\IdentityApi.UnitTests\IdentityApi.UnitTests.csproj", "{ED2904B4-515A-2292-6605-370386FD8E0B}"
EndProject
Global
	GlobalSection(SolutionConfigurationPlatforms) = preSolution
		Debug|Any CPU = Debug|Any CPU
		NoVariablesDefault|Any CPU = NoVariablesDefault|Any CPU
		Release|Any CPU = Release|Any CPU
	EndGlobalSection
	GlobalSection(ProjectConfigurationPlatforms) = postSolution
		{3D745DFE-AF9A-E111-755D-FD3FFF280728}.Debug|Any CPU.ActiveCfg = Debug|Any CPU
		{3D745DFE-AF9A-E111-755D-FD3FFF280728}.Debug|Any CPU.Build.0 = Debug|Any CPU
		{3D745DFE-AF9A-E111-755D-FD3FFF280728}.NoVariablesDefault|Any CPU.ActiveCfg = Release|Any CPU
		{3D745DFE-AF9A-E111-755D-FD3FFF280728}.NoVariablesDefault|Any CPU.Build.0 = Release|Any CPU
		{3D745DFE-AF9A-E111-755D-FD3FFF280728}.Release|Any CPU.ActiveCfg = Release|Any CPU
		{3D745DFE-AF9A-E111-755D-FD3FFF280728}.Release|Any CPU.Build.0 = Release|Any CPU
		{F8860466-81E8-4518-8148-5608B9CE6008}.Debug|Any CPU.ActiveCfg = Debug|Any CPU
		{F8860466-81E8-4518-8148-5608B9CE6008}.Debug|Any CPU.Build.0 = Debug|Any CPU
		{F8860466-81E8-4518-8148-5608B9CE6008}.NoVariablesDefault|Any CPU.ActiveCfg = Release|Any CPU
		{F8860466-81E8-4518-8148-5608B9CE6008}.NoVariablesDefault|Any CPU.Build.0 = Release|Any CPU
		{F8860466-81E8-4518-8148-5608B9CE6008}.Release|Any CPU.ActiveCfg = Release|Any CPU
		{F8860466-81E8-4518-8148-5608B9CE6008}.Release|Any CPU.Build.0 = Release|Any CPU
		{25636280-E352-90F1-46AF-09E7BBB953E9}.Debug|Any CPU.ActiveCfg = Debug|Any CPU
		{25636280-E352-90F1-46AF-09E7BBB953E9}.Debug|Any CPU.Build.0 = Debug|Any CPU
		{25636280-E352-90F1-46AF-09E7BBB953E9}.NoVariablesDefault|Any CPU.ActiveCfg = Release|Any CPU
		{25636280-E352-90F1-46AF-09E7BBB953E9}.NoVariablesDefault|Any CPU.Build.0 = Release|Any CPU
		{25636280-E352-90F1-46AF-09E7BBB953E9}.Release|Any CPU.ActiveCfg = Release|Any CPU
		{25636280-E352-90F1-46AF-09E7BBB953E9}.Release|Any CPU.Build.0 = Release|Any CPU
		{F58EB504-2EAD-96E7-E097-BCDE92D77B68}.Debug|Any CPU.ActiveCfg = Debug|Any CPU
		{F58EB504-2EAD-96E7-E097-BCDE92D77B68}.Debug|Any CPU.Build.0 = Debug|Any CPU
		{F58EB504-2EAD-96E7-E097-BCDE92D77B68}.NoVariablesDefault|Any CPU.ActiveCfg = Release|Any CPU
		{F58EB504-2EAD-96E7-E097-BCDE92D77B68}.NoVariablesDefault|Any CPU.Build.0 = Release|Any CPU
		{F58EB504-2EAD-96E7-E097-BCDE92D77B68}.Release|Any CPU.ActiveCfg = Release|Any CPU
		{F58EB504-2EAD-96E7-E097-BCDE92D77B68}.Release|Any CPU.Build.0 = Release|Any CPU
		{FCEC796C-C1C6-F317-2E44-A551DDAA3B29}.Debug|Any CPU.ActiveCfg = Debug|Any CPU
		{FCEC796C-C1C6-F317-2E44-A551DDAA3B29}.Debug|Any CPU.Build.0 = Debug|Any CPU
		{FCEC796C-C1C6-F317-2E44-A551DDAA3B29}.NoVariablesDefault|Any CPU.ActiveCfg = Release|Any CPU
		{FCEC796C-C1C6-F317-2E44-A551DDAA3B29}.NoVariablesDefault|Any CPU.Build.0 = Release|Any CPU
		{FCEC796C-C1C6-F317-2E44-A551DDAA3B29}.Release|Any CPU.ActiveCfg = Release|Any CPU
		{FCEC796C-C1C6-F317-2E44-A551DDAA3B29}.Release|Any CPU.Build.0 = Release|Any CPU
		{81DDED9D-158B-E303-5F62-77A2896D2A5A}.Debug|Any CPU.ActiveCfg = Debug|Any CPU
		{81DDED9D-158B-E303-5F62-77A2896D2A5A}.Debug|Any CPU.Build.0 = Debug|Any CPU
		{81DDED9D-158B-E303-5F62-77A2896D2A5A}.NoVariablesDefault|Any CPU.ActiveCfg = Release|Any CPU
		{81DDED9D-158B-E303-5F62-77A2896D2A5A}.NoVariablesDefault|Any CPU.Build.0 = Release|Any CPU
		{81DDED9D-158B-E303-5F62-77A2896D2A5A}.Release|Any CPU.ActiveCfg = Release|Any CPU
		{81DDED9D-158B-E303-5F62-77A2896D2A5A}.Release|Any CPU.Build.0 = Release|Any CPU
		{A1C5C311-B5E1-45FB-5D1E-A9D336D8038B}.Debug|Any CPU.ActiveCfg = Debug|Any CPU
		{A1C5C311-B5E1-45FB-5D1E-A9D336D8038B}.Debug|Any CPU.Build.0 = Debug|Any CPU
		{A1C5C311-B5E1-45FB-5D1E-A9D336D8038B}.NoVariablesDefault|Any CPU.ActiveCfg = Release|Any CPU
		{A1C5C311-B5E1-45FB-5D1E-A9D336D8038B}.NoVariablesDefault|Any CPU.Build.0 = Release|Any CPU
		{A1C5C311-B5E1-45FB-5D1E-A9D336D8038B}.Release|Any CPU.ActiveCfg = Release|Any CPU
		{A1C5C311-B5E1-45FB-5D1E-A9D336D8038B}.Release|Any CPU.Build.0 = Release|Any CPU
		{A1C5C311-B5E1-45FB-5D1E-A9D336D8038B}.Debug|Any CPU.ActiveCfg = Debug|Any CPU
		{A1C5C311-B5E1-45FB-5D1E-A9D336D8038B}.Debug|Any CPU.Build.0 = Debug|Any CPU
		{A1C5C311-B5E1-45FB-5D1E-A9D336D8038B}.NoVariablesDefault|Any CPU.ActiveCfg = Release|Any CPU
		{A1C5C311-B5E1-45FB-5D1E-A9D336D8038B}.NoVariablesDefault|Any CPU.Build.0 = Release|Any CPU
		{A1C5C311-B5E1-45FB-5D1E-A9D336D8038B}.Release|Any CPU.ActiveCfg = Release|Any CPU
		{A1C5C311-B5E1-45FB-5D1E-A9D336D8038B}.Release|Any CPU.Build.0 = Release|Any CPU
		{ED2904B4-515A-2292-6605-370386FD8E0B}.Debug|Any CPU.ActiveCfg = Debug|Any CPU
		{ED2904B4-515A-2292-6605-370386FD8E0B}.Debug|Any CPU.Build.0 = Debug|Any CPU
		{ED2904B4-515A-2292-6605-370386FD8E0B}.NoVariablesDefault|Any CPU.ActiveCfg = Release|Any CPU
		{ED2904B4-515A-2292-6605-370386FD8E0B}.NoVariablesDefault|Any CPU.Build.0 = Release|Any CPU
		{ED2904B4-515A-2292-6605-370386FD8E0B}.Release|Any CPU.ActiveCfg = Release|Any CPU
		{ED2904B4-515A-2292-6605-370386FD8E0B}.Release|Any CPU.Build.0 = Release|Any CPU
	EndGlobalSection
	GlobalSection(SolutionProperties) = preSolution
		HideSolutionNode = FALSE
	EndGlobalSection
	GlobalSection(NestedProjects) = preSolution
		{3D745DFE-AF9A-E111-755D-FD3FFF280728} = {02EA681E-C7D8-13C7-8484-4AC65E1B71E8}
		{F58EB504-2EAD-96E7-E097-BCDE92D77B68} = {02EA681E-C7D8-13C7-8484-4AC65E1B71E8}
		{FCEC796C-C1C6-F317-2E44-A551DDAA3B29} = {02EA681E-C7D8-13C7-8484-4AC65E1B71E8}
		{A1C5C311-B5E1-45FB-5D1E-A9D336D8038B} = {02EA681E-C7D8-13C7-8484-4AC65E1B71E8}
		{A1C5C311-B5E1-45FB-5D1E-A9D336D8038B} = {02EA681E-C7D8-13C7-8484-4AC65E1B71E8}
		{ED2904B4-515A-2292-6605-370386FD8E0B} = {EB9B82A4-7E57-4959-81CC-EA0CFE7B9715}
	EndGlobalSection
	GlobalSection(ExtensibilityGlobals) = postSolution
		SolutionGuid = {4C9100AA-D0B5-449E-AF7A-4CA18FDA2531}
	EndGlobalSection
EndGlobal
